
Microsoft Visual Studio Solution File, Format Version 12.00
# Visual Studio 15
VisualStudioVersion = 15.0.28307.1145
MinimumVisualStudioVersion = 10.0.40219.1
Project("{8BC9CEB8-8B4A-11D0-8D11-00A0C91BC942}") = "libcef_dll_wrapper", "libcef_dll_wrapper\libcef_dll_wrapper.vcxproj", "{D19717CB-E9E2-4E83-9D53-83173116F711}"
EndProject
Project("{8BC9CEB8-8B4A-11D0-8D11-00A0C91BC942}") = "cef_app", "cef_app\cef_app.vcxproj", "{41DA5D70-2592-42C2-A53A-7581FFBC20BA}"
EndProject
Project("{8BC9CEB8-8B4A-11D0-8D11-00A0C91BC942}") = "TestCefApplication", "test_cef_app\TestCefApplication.vcxproj", "{127582FA-E4AA-46CC-9BC3-4BFC112B1C6A}"
EndProject
Global
	GlobalSection(SolutionConfigurationPlatforms) = preSolution
		Debug|x64 = Debug|x64
		Debug|x86 = Debug|x86
		Release|x64 = Release|x64
		Release|x86 = Release|x86
	EndGlobalSection
	GlobalSection(ProjectConfigurationPlatforms) = postSolution
		{D19717CB-E9E2-4E83-9D53-83173116F711}.Debug|x64.ActiveCfg = Debug|x64
		{D19717CB-E9E2-4E83-9D53-83173116F711}.Debug|x64.Build.0 = Debug|x64
		{D19717CB-E9E2-4E83-9D53-83173116F711}.Debug|x86.ActiveCfg = Debug|Win32
		{D19717CB-E9E2-4E83-9D53-83173116F711}.Debug|x86.Build.0 = Debug|Win32
		{D19717CB-E9E2-4E83-9D53-83173116F711}.Release|x64.ActiveCfg = Release|x64
		{D19717CB-E9E2-4E83-9D53-83173116F711}.Release|x64.Build.0 = Release|x64
		{D19717CB-E9E2-4E83-9D53-83173116F711}.Release|x86.ActiveCfg = Release|Win32
		{D19717CB-E9E2-4E83-9D53-83173116F711}.Release|x86.Build.0 = Release|Win32
		{41DA5D70-2592-42C2-A53A-7581FFBC20BA}.Debug|x64.ActiveCfg = Debug|x64
		{41DA5D70-2592-42C2-A53A-7581FFBC20BA}.Debug|x64.Build.0 = Debug|x64
		{41DA5D70-2592-42C2-A53A-7581FFBC20BA}.Debug|x86.ActiveCfg = Debug|Win32
		{41DA5D70-2592-42C2-A53A-7581FFBC20BA}.Debug|x86.Build.0 = Debug|Win32
		{41DA5D70-2592-42C2-A53A-7581FFBC20BA}.Release|x64.ActiveCfg = Release|x64
		{41DA5D70-2592-42C2-A53A-7581FFBC20BA}.Release|x64.Build.0 = Release|x64
		{41DA5D70-2592-42C2-A53A-7581FFBC20BA}.Release|x86.ActiveCfg = Release|Win32
		{41DA5D70-2592-42C2-A53A-7581FFBC20BA}.Release|x86.Build.0 = Release|Win32
		{127582FA-E4AA-46CC-9BC3-4BFC112B1C6A}.Debug|x64.ActiveCfg = Debug|x64
		{127582FA-E4AA-46CC-9BC3-4BFC112B1C6A}.Debug|x64.Build.0 = Debug|x64
		{127582FA-E4AA-46CC-9BC3-4BFC112B1C6A}.Debug|x86.ActiveCfg = Debug|Win32
		{127582FA-E4AA-46CC-9BC3-4BFC112B1C6A}.Debug|x86.Build.0 = Debug|Win32
		{127582FA-E4AA-46CC-9BC3-4BFC112B1C6A}.Release|x64.ActiveCfg = Release|x64
		{127582FA-E4AA-46CC-9BC3-4BFC112B1C6A}.Release|x64.Build.0 = Release|x64
		{127582FA-E4AA-46CC-9BC3-4BFC112B1C6A}.Release|x86.ActiveCfg = Release|Win32
		{127582FA-E4AA-46CC-9BC3-4BFC112B1C6A}.Release|x86.Build.0 = Release|Win32
	EndGlobalSection
	GlobalSection(SolutionProperties) = preSolution
		HideSolutionNode = FALSE
	EndGlobalSection
	GlobalSection(ExtensibilityGlobals) = postSolution
		SolutionGuid = {176AEBC7-CB00-46A5-95BB-D5D17570360E}
	EndGlobalSection
EndGlobal
